# This file is automatically @generated by Cargo.
# It is not intended for manual editing.
version = 4

[[package]]
name = "ged_io"
version = "0.17.0"
source = "registry+https://github.com/rust-lang/crates.io-index"
checksum = "e4c52d91a78332ce0dfb60e2f53227ecdb58f99afe624c8e69506dc225a39caf"

[[package]]
name = "geneweb"
version = "0.2.0"
dependencies = [
 "ged_io",
]
