# This file is automatically @generated by Cargo.
# It is not intended for manual editing.
version = 3

[[package]]
name = "ged_io"
version = "0.16.1"
source = "registry+https://github.com/rust-lang/crates.io-index"
checksum = "2e0e9de5bf1897eb138701598ccdac2a372f6375b714a77b0cff60e2ebbc30c0"

[[package]]
name = "geneweb"
version = "0.1.0"
dependencies = [
 "ged_io",
]
