# This file is automatically @generated by Cargo.
# It is not intended for manual editing.
version = 4

[[package]]
name = "ged_io"
version = "0.17.0"
source = "git+https://github.com/trois-six/ged_io?branch=redesign#3df1cf6075636876f472a29e510c899178d56ea9"

[[package]]
name = "geneweb"
version = "0.3.0"
dependencies = [
 "ged_io",
]
